
Microsoft Visual Studio Solution File, Format Version 12.00
# Visual Studio Version 16
VisualStudioVersion = 16.0.31410.357
MinimumVisualStudioVersion = 10.0.40219.1
Project("{9A19103F-16F7-4668-BE54-9A1E7A4F7556}") = "EWBOK_Supermarket.API", "EWBOK_Supermarket.API\EWBOK_Supermarket.API.csproj", "{08D58420-51BF-470D-9105-185D39EB0569}"
EndProject
Project("{9A19103F-16F7-4668-BE54-9A1E7A4F7556}") = "EWBOK_Supermarket.Infrastructure", "EWBOK_Supermarket.Infrastructure\EWBOK_Supermarket.Infrastructure.csproj", "{31211C16-7801-45F1-89BD-708C2EFDB10B}"
EndProject
Project("{FAE04EC0-301F-11D3-BF4B-00C04F79EFBC}") = "EWBOK_Supermarket.Application", "EWBOK_Supermarket.Application\EWBOK_Supermarket.Application.csproj", "{D20E9FF3-149E-4DB6-9503-53736D9F1F59}"
EndProject
Global
	GlobalSection(SolutionConfigurationPlatforms) = preSolution
		Debug|Any CPU = Debug|Any CPU
		Release|Any CPU = Release|Any CPU
	EndGlobalSection
	GlobalSection(ProjectConfigurationPlatforms) = postSolution
		{08D58420-51BF-470D-9105-185D39EB0569}.Debug|Any CPU.ActiveCfg = Debug|Any CPU
		{08D58420-51BF-470D-9105-185D39EB0569}.Debug|Any CPU.Build.0 = Debug|Any CPU
		{08D58420-51BF-470D-9105-185D39EB0569}.Release|Any CPU.ActiveCfg = Release|Any CPU
		{08D58420-51BF-470D-9105-185D39EB0569}.Release|Any CPU.Build.0 = Release|Any CPU
		{31211C16-7801-45F1-89BD-708C2EFDB10B}.Debug|Any CPU.ActiveCfg = Debug|Any CPU
		{31211C16-7801-45F1-89BD-708C2EFDB10B}.Debug|Any CPU.Build.0 = Debug|Any CPU
		{31211C16-7801-45F1-89BD-708C2EFDB10B}.Release|Any CPU.ActiveCfg = Release|Any CPU
		{31211C16-7801-45F1-89BD-708C2EFDB10B}.Release|Any CPU.Build.0 = Release|Any CPU
		{D20E9FF3-149E-4DB6-9503-53736D9F1F59}.Debug|Any CPU.ActiveCfg = Debug|Any CPU
		{D20E9FF3-149E-4DB6-9503-53736D9F1F59}.Debug|Any CPU.Build.0 = Debug|Any CPU
		{D20E9FF3-149E-4DB6-9503-53736D9F1F59}.Release|Any CPU.ActiveCfg = Release|Any CPU
		{D20E9FF3-149E-4DB6-9503-53736D9F1F59}.Release|Any CPU.Build.0 = Release|Any CPU
	EndGlobalSection
	GlobalSection(SolutionProperties) = preSolution
		HideSolutionNode = FALSE
	EndGlobalSection
	GlobalSection(ExtensibilityGlobals) = postSolution
		SolutionGuid = {D05C00D4-2E85-4EDE-A241-96E373FAD641}
	EndGlobalSection
EndGlobal
